
Microsoft Visual Studio Solution File, Format Version 12.00
# Visual Studio Version 17
VisualStudioVersion = 17.3.32929.385
MinimumVisualStudioVersion = 10.0.40219.1
Project("{FAE04EC0-301F-11D3-BF4B-00C04F79EFBC}") = "Figures.Library", "Figures.Library\Figures.Library.csproj", "{2A9D7A39-EDBC-4930-8C8D-D06FAF41253A}"
EndProject
Project("{FAE04EC0-301F-11D3-BF4B-00C04F79EFBC}") = "Figures.Test", "Figures.Test\Figures.Test.csproj", "{8897DB2B-2121-45D8-B4F2-3DC1EFBF505E}"
EndProject
Global
	GlobalSection(SolutionConfigurationPlatforms) = preSolution
		Debug|Any CPU = Debug|Any CPU
		Release|Any CPU = Release|Any CPU
	EndGlobalSection
	GlobalSection(ProjectConfigurationPlatforms) = postSolution
		{2A9D7A39-EDBC-4930-8C8D-D06FAF41253A}.Debug|Any CPU.ActiveCfg = Debug|Any CPU
		{2A9D7A39-EDBC-4930-8C8D-D06FAF41253A}.Debug|Any CPU.Build.0 = Debug|Any CPU
		{2A9D7A39-EDBC-4930-8C8D-D06FAF41253A}.Release|Any CPU.ActiveCfg = Release|Any CPU
		{2A9D7A39-EDBC-4930-8C8D-D06FAF41253A}.Release|Any CPU.Build.0 = Release|Any CPU
		{8897DB2B-2121-45D8-B4F2-3DC1EFBF505E}.Debug|Any CPU.ActiveCfg = Debug|Any CPU
		{8897DB2B-2121-45D8-B4F2-3DC1EFBF505E}.Debug|Any CPU.Build.0 = Debug|Any CPU
		{8897DB2B-2121-45D8-B4F2-3DC1EFBF505E}.Release|Any CPU.ActiveCfg = Release|Any CPU
		{8897DB2B-2121-45D8-B4F2-3DC1EFBF505E}.Release|Any CPU.Build.0 = Release|Any CPU
	EndGlobalSection
	GlobalSection(SolutionProperties) = preSolution
		HideSolutionNode = FALSE
	EndGlobalSection
	GlobalSection(ExtensibilityGlobals) = postSolution
		SolutionGuid = {26867F14-5444-465C-8BC8-BB1475633AAD}
	EndGlobalSection
EndGlobal
